// !$*UTF8*$!
{
	archiveVersion = 1;
	classes = {
	};
	objectVersion = 50;
	objects = {

/* Begin PBXBuildFile section */
		2E0ECD482445F6C900FD3951 /* SettingsViewController.swift in Sources */ = {isa = PBXBuildFile; fileRef = 2E0ECD472445F6C800FD3951 /* SettingsViewController.swift */; };
		2E0ECD4A2445F6E600FD3951 /* TextFieldViewCell.swift in Sources */ = {isa = PBXBuildFile; fileRef = 2E0ECD492445F6E500FD3951 /* TextFieldViewCell.swift */; };
		2E0F26E9241DF4320076C5AC /* TogglTimerDetailTableViewController.swift in Sources */ = {isa = PBXBuildFile; fileRef = 2E0F26E8241DF4320076C5AC /* TogglTimerDetailTableViewController.swift */; };
		2E0F26EB241E34250076C5AC /* InputTableViewCell.swift in Sources */ = {isa = PBXBuildFile; fileRef = 2E0F26EA241E34250076C5AC /* InputTableViewCell.swift */; };
		2E0FB9A32417E0D7003AA41D /* README.md in Resources */ = {isa = PBXBuildFile; fileRef = 2E0FB9A22417E0D7003AA41D /* README.md */; };
		2E0FB9A9241904EB003AA41D /* SettingsTableViewController.swift in Sources */ = {isa = PBXBuildFile; fileRef = 2E0FB9A8241904EB003AA41D /* SettingsTableViewController.swift */; };
		2E13052A2445A69A00389400 /* watchOSUtilities.swift in Sources */ = {isa = PBXBuildFile; fileRef = 2E1305292445A69A00389400 /* watchOSUtilities.swift */; };
		2E16120E241D5AA5007C55D8 /* LogInViewController.swift in Sources */ = {isa = PBXBuildFile; fileRef = 2E16120D241D5AA5007C55D8 /* LogInViewController.swift */; };
		2E2AA9DE244388BB00B4B515 /* SliderSettingViewCell.swift in Sources */ = {isa = PBXBuildFile; fileRef = 2E2AA9DD244388BB00B4B515 /* SliderSettingViewCell.swift */; };
		2E2AA9E02443893700B4B515 /* TimerSettingsTableViewController.swift in Sources */ = {isa = PBXBuildFile; fileRef = 2E2AA9DF2443893700B4B515 /* TimerSettingsTableViewController.swift */; };
		2E2C65A2244904D2003E7284 /* TimePieView.swift in Sources */ = {isa = PBXBuildFile; fileRef = 2E2C65A1244904D2003E7284 /* TimePieView.swift */; };
		2E444B32243C953700A9E0AB /* SubtitleTableViewCell.swift in Sources */ = {isa = PBXBuildFile; fileRef = 2E444B31243C953700A9E0AB /* SubtitleTableViewCell.swift */; };
		2E5D8BE9241FA67600860E1B /* SwitchTableViewCell.swift in Sources */ = {isa = PBXBuildFile; fileRef = 2E5D8BE8241FA67600860E1B /* SwitchTableViewCell.swift */; };
		2E5D8BED2420E71B00860E1B /* TimerListTableViewController.swift in Sources */ = {isa = PBXBuildFile; fileRef = 2E5D8BEC2420E71B00860E1B /* TimerListTableViewController.swift */; };
		2E5D8BF12420EFB300860E1B /* TimerSettingsTableViewController.swift in Sources */ = {isa = PBXBuildFile; fileRef = 2E5D8BF02420EFB300860E1B /* TimerSettingsTableViewController.swift */; };
		2E5D8BF524222F8E00860E1B /* PickerTableViewCell.swift in Sources */ = {isa = PBXBuildFile; fileRef = 2E5D8BF424222F8E00860E1B /* PickerTableViewCell.swift */; };
		2E6BA2962442211A00DA8781 /* TimeController.swift in Sources */ = {isa = PBXBuildFile; fileRef = 2E6BA2902442211800DA8781 /* TimeController.swift */; };
		2E6BA2972442211A00DA8781 /* TimerModel.swift in Sources */ = {isa = PBXBuildFile; fileRef = 2E6BA2912442211900DA8781 /* TimerModel.swift */; };
		2E6BA2982442211A00DA8781 /* SettingsModel.swift in Sources */ = {isa = PBXBuildFile; fileRef = 2E6BA2922442211900DA8781 /* SettingsModel.swift */; };
		2E6BA2992442211A00DA8781 /* TogglController.swift in Sources */ = {isa = PBXBuildFile; fileRef = 2E6BA2932442211900DA8781 /* TogglController.swift */; };
		2E6BA29A2442211A00DA8781 /* GlobalVarModel.swift in Sources */ = {isa = PBXBuildFile; fileRef = 2E6BA2942442211900DA8781 /* GlobalVarModel.swift */; };
		2E6BA29B2442211A00DA8781 /* AlarmSoundsModel.swift in Sources */ = {isa = PBXBuildFile; fileRef = 2E6BA2952442211900DA8781 /* AlarmSoundsModel.swift */; };
		2E899E8F244395790080A522 /* SwitchSettingViewCell.swift in Sources */ = {isa = PBXBuildFile; fileRef = 2E899E8E244395790080A522 /* SwitchSettingViewCell.swift */; };
		2E8B9F9B243F655700B13AA9 /* PickerWindowView.swift in Sources */ = {isa = PBXBuildFile; fileRef = 2E8B9F9A243F655700B13AA9 /* PickerWindowView.swift */; };
		2E8B9F9D244004BA00B13AA9 /* RightDetailTableViewCell.swift in Sources */ = {isa = PBXBuildFile; fileRef = 2E8B9F9C244004BA00B13AA9 /* RightDetailTableViewCell.swift */; };
		2E8B9F9F2440AA1100B13AA9 /* AlarmSoundsTableViewController.swift in Sources */ = {isa = PBXBuildFile; fileRef = 2E8B9F9E2440AA1000B13AA9 /* AlarmSoundsTableViewController.swift */; };
		2EB1D1A32449000E00CFFD2E /* SharedUtilities.swift in Sources */ = {isa = PBXBuildFile; fileRef = 2EB1D1A22449000D00CFFD2E /* SharedUtilities.swift */; };
		2EB1D1A42449000E00CFFD2E /* SharedUtilities.swift in Sources */ = {isa = PBXBuildFile; fileRef = 2EB1D1A22449000D00CFFD2E /* SharedUtilities.swift */; };
		2EB4C5102443049800763279 /* TimePieView.swift in Sources */ = {isa = PBXBuildFile; fileRef = 2EB4C50F2443049800763279 /* TimePieView.swift */; };
		2EBFDC3E2444B131003C580A /* ButtonViewCell.swift in Sources */ = {isa = PBXBuildFile; fileRef = 2EBFDC3D2444B131003C580A /* ButtonViewCell.swift */; };
		2EC23D052417ADDA00EA7BD6 /* AppDelegate.swift in Sources */ = {isa = PBXBuildFile; fileRef = 2EC23D042417ADDA00EA7BD6 /* AppDelegate.swift */; };
		2EC23D072417ADDA00EA7BD6 /* SceneDelegate.swift in Sources */ = {isa = PBXBuildFile; fileRef = 2EC23D062417ADDA00EA7BD6 /* SceneDelegate.swift */; };
		2EC23D092417ADDA00EA7BD6 /* TimerViewController.swift in Sources */ = {isa = PBXBuildFile; fileRef = 2EC23D082417ADDA00EA7BD6 /* TimerViewController.swift */; };
		2EC23D0E2417ADE600EA7BD6 /* Assets.xcassets in Resources */ = {isa = PBXBuildFile; fileRef = 2EC23D0D2417ADE600EA7BD6 /* Assets.xcassets */; };
		2EC23D112417ADE600EA7BD6 /* LaunchScreen.storyboard in Resources */ = {isa = PBXBuildFile; fileRef = 2EC23D0F2417ADE600EA7BD6 /* LaunchScreen.storyboard */; };
		2ED2F7B124461E72009F0D51 /* ButtonWithLabelViewCell.swift in Sources */ = {isa = PBXBuildFile; fileRef = 2ED2F7B024461E72009F0D51 /* ButtonWithLabelViewCell.swift */; };
		2ED2F7B3244632EF009F0D51 /* TogglProjectListTableViewController.swift in Sources */ = {isa = PBXBuildFile; fileRef = 2ED2F7B2244632EF009F0D51 /* TogglProjectListTableViewController.swift */; };
		2ED2F7B524463389009F0D51 /* ProjectInfoViewCell.swift in Sources */ = {isa = PBXBuildFile; fileRef = 2ED2F7B424463389009F0D51 /* ProjectInfoViewCell.swift */; };
		2ED2F7BA244892D2009F0D51 /* SessionDelegater.swift in Sources */ = {isa = PBXBuildFile; fileRef = 2ED2F7B9244892D2009F0D51 /* SessionDelegater.swift */; };
		2ED2F7BB244892D2009F0D51 /* SessionDelegater.swift in Sources */ = {isa = PBXBuildFile; fileRef = 2ED2F7B9244892D2009F0D51 /* SessionDelegater.swift */; };
		2ED2F7BF2448F8F0009F0D51 /* iOSUtilities.swift in Sources */ = {isa = PBXBuildFile; fileRef = 2ED2F7BE2448F8F0009F0D51 /* iOSUtilities.swift */; };
		2EF98730244242C2006EE167 /* Interface.storyboard in Resources */ = {isa = PBXBuildFile; fileRef = 2EF9872E244242C2006EE167 /* Interface.storyboard */; };
		2EF98732244242CD006EE167 /* Assets.xcassets in Resources */ = {isa = PBXBuildFile; fileRef = 2EF98731244242CD006EE167 /* Assets.xcassets */; };
		2EF98739244242CD006EE167 /* PomodoroTimer for Watch Extension.appex in Embed App Extensions */ = {isa = PBXBuildFile; fileRef = 2EF98738244242CD006EE167 /* PomodoroTimer for Watch Extension.appex */; settings = {ATTRIBUTES = (RemoveHeadersOnCopy, ); }; };
		2EF98740244242CE006EE167 /* ExtensionDelegate.swift in Sources */ = {isa = PBXBuildFile; fileRef = 2EF9873F244242CD006EE167 /* ExtensionDelegate.swift */; };
		2EF98742244242CE006EE167 /* ComplicationController.swift in Sources */ = {isa = PBXBuildFile; fileRef = 2EF98741244242CE006EE167 /* ComplicationController.swift */; };
		2EF98744244242D1006EE167 /* Assets.xcassets in Resources */ = {isa = PBXBuildFile; fileRef = 2EF98743244242D1006EE167 /* Assets.xcassets */; };
		2EF98748244242D2006EE167 /* PomodoroTimer for Watch.app in Embed Watch Content */ = {isa = PBXBuildFile; fileRef = 2EF9872C244242C2006EE167 /* PomodoroTimer for Watch.app */; settings = {ATTRIBUTES = (RemoveHeadersOnCopy, ); }; };
		2EF987512442454B006EE167 /* TimerInfoViewCell.swift in Sources */ = {isa = PBXBuildFile; fileRef = 2EF987502442454B006EE167 /* TimerInfoViewCell.swift */; };
		2EF987532442472F006EE167 /* TimerListTableViewController.swift in Sources */ = {isa = PBXBuildFile; fileRef = 2EF987522442472F006EE167 /* TimerListTableViewController.swift */; };
		2EF9875424424EA7006EE167 /* AlarmSoundsModel.swift in Sources */ = {isa = PBXBuildFile; fileRef = 2E6BA2952442211900DA8781 /* AlarmSoundsModel.swift */; };
		2EF9875524424EA9006EE167 /* GlobalVarModel.swift in Sources */ = {isa = PBXBuildFile; fileRef = 2E6BA2942442211900DA8781 /* GlobalVarModel.swift */; };
		2EF9875624424EAB006EE167 /* SettingsModel.swift in Sources */ = {isa = PBXBuildFile; fileRef = 2E6BA2922442211900DA8781 /* SettingsModel.swift */; };
		2EF9875724424EAE006EE167 /* TimerModel.swift in Sources */ = {isa = PBXBuildFile; fileRef = 2E6BA2912442211900DA8781 /* TimerModel.swift */; };
		2EF9875924424EB3006EE167 /* TogglController.swift in Sources */ = {isa = PBXBuildFile; fileRef = 2E6BA2932442211900DA8781 /* TogglController.swift */; };
		2EF9875A24424EB6006EE167 /* TimeController.swift in Sources */ = {isa = PBXBuildFile; fileRef = 2E6BA2902442211800DA8781 /* TimeController.swift */; };
		2EF98760244251A2006EE167 /* TimerViewController.swift in Sources */ = {isa = PBXBuildFile; fileRef = 2EF9875F244251A1006EE167 /* TimerViewController.swift */; };
/* End PBXBuildFile section */

/* Begin PBXContainerItemProxy section */
		2EF9873A244242CD006EE167 /* PBXContainerItemProxy */ = {
			isa = PBXContainerItemProxy;
			containerPortal = 2EC23CF92417ADDA00EA7BD6 /* Project object */;
			proxyType = 1;
			remoteGlobalIDString = 2EF98737244242CD006EE167;
			remoteInfo = "PromodoTimer for Watch Extension";
		};
		2EF98746244242D2006EE167 /* PBXContainerItemProxy */ = {
			isa = PBXContainerItemProxy;
			containerPortal = 2EC23CF92417ADDA00EA7BD6 /* Project object */;
			proxyType = 1;
			remoteGlobalIDString = 2EF9872B244242C2006EE167;
			remoteInfo = "PromodoTimer for Watch";
		};
/* End PBXContainerItemProxy section */

/* Begin PBXCopyFilesBuildPhase section */
		2EC48E5E2441595F0002FEBE /* Embed Watch Content */ = {
			isa = PBXCopyFilesBuildPhase;
			buildActionMask = 2147483647;
			dstPath = "$(CONTENTS_FOLDER_PATH)/Watch";
			dstSubfolderSpec = 16;
			files = (
				2EF98748244242D2006EE167 /* PomodoroTimer for Watch.app in Embed Watch Content */,
			);
			name = "Embed Watch Content";
			runOnlyForDeploymentPostprocessing = 0;
		};
		2EF9874C244242D2006EE167 /* Embed App Extensions */ = {
			isa = PBXCopyFilesBuildPhase;
			buildActionMask = 2147483647;
			dstPath = "";
			dstSubfolderSpec = 13;
			files = (
				2EF98739244242CD006EE167 /* PomodoroTimer for Watch Extension.appex in Embed App Extensions */,
			);
			name = "Embed App Extensions";
			runOnlyForDeploymentPostprocessing = 0;
		};
/* End PBXCopyFilesBuildPhase section */

/* Begin PBXFileReference section */
		2E0ECD472445F6C800FD3951 /* SettingsViewController.swift */ = {isa = PBXFileReference; fileEncoding = 4; lastKnownFileType = sourcecode.swift; path = SettingsViewController.swift; sourceTree = "<group>"; };
		2E0ECD492445F6E500FD3951 /* TextFieldViewCell.swift */ = {isa = PBXFileReference; fileEncoding = 4; lastKnownFileType = sourcecode.swift; path = TextFieldViewCell.swift; sourceTree = "<group>"; };
		2E0F26E8241DF4320076C5AC /* TogglTimerDetailTableViewController.swift */ = {isa = PBXFileReference; lastKnownFileType = sourcecode.swift; path = TogglTimerDetailTableViewController.swift; sourceTree = "<group>"; };
		2E0F26EA241E34250076C5AC /* InputTableViewCell.swift */ = {isa = PBXFileReference; lastKnownFileType = sourcecode.swift; path = InputTableViewCell.swift; sourceTree = "<group>"; };
		2E0FB9A22417E0D7003AA41D /* README.md */ = {isa = PBXFileReference; fileEncoding = 4; lastKnownFileType = net.daringfireball.markdown; path = README.md; sourceTree = "<group>"; };
		2E0FB9A8241904EB003AA41D /* SettingsTableViewController.swift */ = {isa = PBXFileReference; lastKnownFileType = sourcecode.swift; path = SettingsTableViewController.swift; sourceTree = "<group>"; };
		2E1305292445A69A00389400 /* watchOSUtilities.swift */ = {isa = PBXFileReference; lastKnownFileType = sourcecode.swift; path = watchOSUtilities.swift; sourceTree = "<group>"; };
		2E16120D241D5AA5007C55D8 /* LogInViewController.swift */ = {isa = PBXFileReference; lastKnownFileType = sourcecode.swift; path = LogInViewController.swift; sourceTree = "<group>"; };
		2E2AA9DD244388BB00B4B515 /* SliderSettingViewCell.swift */ = {isa = PBXFileReference; lastKnownFileType = sourcecode.swift; path = SliderSettingViewCell.swift; sourceTree = "<group>"; };
		2E2AA9DF2443893700B4B515 /* TimerSettingsTableViewController.swift */ = {isa = PBXFileReference; fileEncoding = 4; lastKnownFileType = sourcecode.swift; path = TimerSettingsTableViewController.swift; sourceTree = "<group>"; };
		2E2C65A1244904D2003E7284 /* TimePieView.swift */ = {isa = PBXFileReference; fileEncoding = 4; lastKnownFileType = sourcecode.swift; path = TimePieView.swift; sourceTree = "<group>"; };
		2E444B31243C953700A9E0AB /* SubtitleTableViewCell.swift */ = {isa = PBXFileReference; lastKnownFileType = sourcecode.swift; path = SubtitleTableViewCell.swift; sourceTree = "<group>"; };
		2E5D8BE8241FA67600860E1B /* SwitchTableViewCell.swift */ = {isa = PBXFileReference; lastKnownFileType = sourcecode.swift; path = SwitchTableViewCell.swift; sourceTree = "<group>"; };
		2E5D8BEC2420E71B00860E1B /* TimerListTableViewController.swift */ = {isa = PBXFileReference; lastKnownFileType = sourcecode.swift; path = TimerListTableViewController.swift; sourceTree = "<group>"; };
		2E5D8BF02420EFB300860E1B /* TimerSettingsTableViewController.swift */ = {isa = PBXFileReference; lastKnownFileType = sourcecode.swift; path = TimerSettingsTableViewController.swift; sourceTree = "<group>"; };
		2E5D8BF424222F8E00860E1B /* PickerTableViewCell.swift */ = {isa = PBXFileReference; lastKnownFileType = sourcecode.swift; path = PickerTableViewCell.swift; sourceTree = "<group>"; };
		2E6BA2902442211800DA8781 /* TimeController.swift */ = {isa = PBXFileReference; fileEncoding = 4; lastKnownFileType = sourcecode.swift; path = TimeController.swift; sourceTree = "<group>"; };
		2E6BA2912442211900DA8781 /* TimerModel.swift */ = {isa = PBXFileReference; fileEncoding = 4; lastKnownFileType = sourcecode.swift; path = TimerModel.swift; sourceTree = "<group>"; };
		2E6BA2922442211900DA8781 /* SettingsModel.swift */ = {isa = PBXFileReference; fileEncoding = 4; lastKnownFileType = sourcecode.swift; path = SettingsModel.swift; sourceTree = "<group>"; };
		2E6BA2932442211900DA8781 /* TogglController.swift */ = {isa = PBXFileReference; fileEncoding = 4; lastKnownFileType = sourcecode.swift; path = TogglController.swift; sourceTree = "<group>"; };
		2E6BA2942442211900DA8781 /* GlobalVarModel.swift */ = {isa = PBXFileReference; fileEncoding = 4; lastKnownFileType = sourcecode.swift; path = GlobalVarModel.swift; sourceTree = "<group>"; };
		2E6BA2952442211900DA8781 /* AlarmSoundsModel.swift */ = {isa = PBXFileReference; fileEncoding = 4; lastKnownFileType = sourcecode.swift; path = AlarmSoundsModel.swift; sourceTree = "<group>"; };
		2E80F90F241C67B400554B12 /* Info.plist */ = {isa = PBXFileReference; fileEncoding = 4; lastKnownFileType = text.plist.xml; path = Info.plist; sourceTree = "<group>"; };
		2E899E8E244395790080A522 /* SwitchSettingViewCell.swift */ = {isa = PBXFileReference; lastKnownFileType = sourcecode.swift; path = SwitchSettingViewCell.swift; sourceTree = "<group>"; };
		2E8B9F9A243F655700B13AA9 /* PickerWindowView.swift */ = {isa = PBXFileReference; lastKnownFileType = sourcecode.swift; path = PickerWindowView.swift; sourceTree = "<group>"; };
		2E8B9F9C244004BA00B13AA9 /* RightDetailTableViewCell.swift */ = {isa = PBXFileReference; lastKnownFileType = sourcecode.swift; path = RightDetailTableViewCell.swift; sourceTree = "<group>"; };
		2E8B9F9E2440AA1000B13AA9 /* AlarmSoundsTableViewController.swift */ = {isa = PBXFileReference; lastKnownFileType = sourcecode.swift; path = AlarmSoundsTableViewController.swift; sourceTree = "<group>"; };
		2EB1D1A22449000D00CFFD2E /* SharedUtilities.swift */ = {isa = PBXFileReference; fileEncoding = 4; lastKnownFileType = sourcecode.swift; path = SharedUtilities.swift; sourceTree = "<group>"; };
		2EB4C50F2443049800763279 /* TimePieView.swift */ = {isa = PBXFileReference; lastKnownFileType = sourcecode.swift; path = TimePieView.swift; sourceTree = "<group>"; };
		2EBFDC3D2444B131003C580A /* ButtonViewCell.swift */ = {isa = PBXFileReference; lastKnownFileType = sourcecode.swift; path = ButtonViewCell.swift; sourceTree = "<group>"; };
		2EC23D012417ADDA00EA7BD6 /* PomodoroTimer.app */ = {isa = PBXFileReference; explicitFileType = wrapper.application; includeInIndex = 0; path = PomodoroTimer.app; sourceTree = BUILT_PRODUCTS_DIR; };
		2EC23D042417ADDA00EA7BD6 /* AppDelegate.swift */ = {isa = PBXFileReference; lastKnownFileType = sourcecode.swift; path = AppDelegate.swift; sourceTree = "<group>"; };
		2EC23D062417ADDA00EA7BD6 /* SceneDelegate.swift */ = {isa = PBXFileReference; lastKnownFileType = sourcecode.swift; path = SceneDelegate.swift; sourceTree = "<group>"; };
		2EC23D082417ADDA00EA7BD6 /* TimerViewController.swift */ = {isa = PBXFileReference; lastKnownFileType = sourcecode.swift; path = TimerViewController.swift; sourceTree = "<group>"; };
		2EC23D0D2417ADE600EA7BD6 /* Assets.xcassets */ = {isa = PBXFileReference; lastKnownFileType = folder.assetcatalog; path = Assets.xcassets; sourceTree = "<group>"; };
		2EC23D102417ADE600EA7BD6 /* Base */ = {isa = PBXFileReference; lastKnownFileType = file.storyboard; name = Base; path = Base.lproj/LaunchScreen.storyboard; sourceTree = "<group>"; };
		2ED2F7B024461E72009F0D51 /* ButtonWithLabelViewCell.swift */ = {isa = PBXFileReference; lastKnownFileType = sourcecode.swift; path = ButtonWithLabelViewCell.swift; sourceTree = "<group>"; };
		2ED2F7B2244632EF009F0D51 /* TogglProjectListTableViewController.swift */ = {isa = PBXFileReference; lastKnownFileType = sourcecode.swift; path = TogglProjectListTableViewController.swift; sourceTree = "<group>"; };
		2ED2F7B424463389009F0D51 /* ProjectInfoViewCell.swift */ = {isa = PBXFileReference; lastKnownFileType = sourcecode.swift; path = ProjectInfoViewCell.swift; sourceTree = "<group>"; };
		2ED2F7B9244892D2009F0D51 /* SessionDelegater.swift */ = {isa = PBXFileReference; fileEncoding = 4; lastKnownFileType = sourcecode.swift; path = SessionDelegater.swift; sourceTree = "<group>"; };
		2ED2F7BE2448F8F0009F0D51 /* iOSUtilities.swift */ = {isa = PBXFileReference; lastKnownFileType = sourcecode.swift; path = iOSUtilities.swift; sourceTree = "<group>"; };
		2EF9872C244242C2006EE167 /* PomodoroTimer for Watch.app */ = {isa = PBXFileReference; explicitFileType = wrapper.application; includeInIndex = 0; path = "PomodoroTimer for Watch.app"; sourceTree = BUILT_PRODUCTS_DIR; };
		2EF9872F244242C2006EE167 /* Base */ = {isa = PBXFileReference; lastKnownFileType = file.storyboard; name = Base; path = Base.lproj/Interface.storyboard; sourceTree = "<group>"; };
		2EF98731244242CD006EE167 /* Assets.xcassets */ = {isa = PBXFileReference; lastKnownFileType = folder.assetcatalog; path = Assets.xcassets; sourceTree = "<group>"; };
		2EF98733244242CD006EE167 /* Info.plist */ = {isa = PBXFileReference; lastKnownFileType = text.plist.xml; path = Info.plist; sourceTree = "<group>"; };
		2EF98738244242CD006EE167 /* PomodoroTimer for Watch Extension.appex */ = {isa = PBXFileReference; explicitFileType = "wrapper.app-extension"; includeInIndex = 0; path = "PomodoroTimer for Watch Extension.appex"; sourceTree = BUILT_PRODUCTS_DIR; };
		2EF9873F244242CD006EE167 /* ExtensionDelegate.swift */ = {isa = PBXFileReference; lastKnownFileType = sourcecode.swift; path = ExtensionDelegate.swift; sourceTree = "<group>"; };
		2EF98741244242CE006EE167 /* ComplicationController.swift */ = {isa = PBXFileReference; lastKnownFileType = sourcecode.swift; path = ComplicationController.swift; sourceTree = "<group>"; };
		2EF98743244242D1006EE167 /* Assets.xcassets */ = {isa = PBXFileReference; lastKnownFileType = folder.assetcatalog; path = Assets.xcassets; sourceTree = "<group>"; };
		2EF98745244242D2006EE167 /* Info.plist */ = {isa = PBXFileReference; lastKnownFileType = text.plist.xml; path = Info.plist; sourceTree = "<group>"; };
		2EF987502442454B006EE167 /* TimerInfoViewCell.swift */ = {isa = PBXFileReference; lastKnownFileType = sourcecode.swift; path = TimerInfoViewCell.swift; sourceTree = "<group>"; };
		2EF987522442472F006EE167 /* TimerListTableViewController.swift */ = {isa = PBXFileReference; fileEncoding = 4; lastKnownFileType = sourcecode.swift; path = TimerListTableViewController.swift; sourceTree = "<group>"; };
		2EF9875F244251A1006EE167 /* TimerViewController.swift */ = {isa = PBXFileReference; fileEncoding = 4; lastKnownFileType = sourcecode.swift; path = TimerViewController.swift; sourceTree = "<group>"; };
/* End PBXFileReference section */

/* Begin PBXFrameworksBuildPhase section */
		2EC23CFE2417ADDA00EA7BD6 /* Frameworks */ = {
			isa = PBXFrameworksBuildPhase;
			buildActionMask = 2147483647;
			files = (
			);
			runOnlyForDeploymentPostprocessing = 0;
		};
		2EF98735244242CD006EE167 /* Frameworks */ = {
			isa = PBXFrameworksBuildPhase;
			buildActionMask = 2147483647;
			files = (
			);
			runOnlyForDeploymentPostprocessing = 0;
		};
/* End PBXFrameworksBuildPhase section */

/* Begin PBXGroup section */
		2E0F26EC241E3D2A0076C5AC /* Others */ = {
			isa = PBXGroup;
			children = (
				2EC23D042417ADDA00EA7BD6 /* AppDelegate.swift */,
				2EC23D062417ADDA00EA7BD6 /* SceneDelegate.swift */,
				2ED2F7BE2448F8F0009F0D51 /* iOSUtilities.swift */,
			);
			path = Others;
			sourceTree = "<group>";
		};
		2E0FB9B0241A8963003AA41D /* View Controller */ = {
			isa = PBXGroup;
			children = (
				2EC23D082417ADDA00EA7BD6 /* TimerViewController.swift */,
				2E16120D241D5AA5007C55D8 /* LogInViewController.swift */,
				2E0FB9A8241904EB003AA41D /* SettingsTableViewController.swift */,
				2E0F26E8241DF4320076C5AC /* TogglTimerDetailTableViewController.swift */,
				2E5D8BEC2420E71B00860E1B /* TimerListTableViewController.swift */,
				2E5D8BF02420EFB300860E1B /* TimerSettingsTableViewController.swift */,
				2E8B9F9E2440AA1000B13AA9 /* AlarmSoundsTableViewController.swift */,
			);
			path = "View Controller";
			sourceTree = "<group>";
		};
		2E0FB9B1241A8974003AA41D /* Model */ = {
			isa = PBXGroup;
			children = (
				2ED2F7B9244892D2009F0D51 /* SessionDelegater.swift */,
				2E6BA2952442211900DA8781 /* AlarmSoundsModel.swift */,
				2E6BA2942442211900DA8781 /* GlobalVarModel.swift */,
				2E6BA2922442211900DA8781 /* SettingsModel.swift */,
				2E6BA2912442211900DA8781 /* TimerModel.swift */,
			);
			path = Model;
			sourceTree = "<group>";
		};
		2E1305282445A67D00389400 /* Others */ = {
			isa = PBXGroup;
			children = (
				2EF9873F244242CD006EE167 /* ExtensionDelegate.swift */,
				2E1305292445A69A00389400 /* watchOSUtilities.swift */,
			);
			path = Others;
			sourceTree = "<group>";
		};
		2E5D8BE7241FA42500860E1B /* View */ = {
			isa = PBXGroup;
			children = (
				2E0F26EA241E34250076C5AC /* InputTableViewCell.swift */,
				2E5D8BE8241FA67600860E1B /* SwitchTableViewCell.swift */,
				2E5D8BF424222F8E00860E1B /* PickerTableViewCell.swift */,
				2E444B31243C953700A9E0AB /* SubtitleTableViewCell.swift */,
				2E8B9F9C244004BA00B13AA9 /* RightDetailTableViewCell.swift */,
				2E2C65A1244904D2003E7284 /* TimePieView.swift */,
				2E8B9F9A243F655700B13AA9 /* PickerWindowView.swift */,
			);
			path = View;
			sourceTree = "<group>";
		};
		2E6BA2AA244221D800DA8781 /* Controller */ = {
			isa = PBXGroup;
			children = (
				2E6BA2902442211800DA8781 /* TimeController.swift */,
				2E6BA2932442211900DA8781 /* TogglController.swift */,
			);
			path = Controller;
			sourceTree = "<group>";
		};
		2EC23CF82417ADDA00EA7BD6 = {
			isa = PBXGroup;
			children = (
				2E0FB9A22417E0D7003AA41D /* README.md */,
				2EC23D032417ADDA00EA7BD6 /* PomodoroTimer */,
				2ED2F7BD2448F840009F0D51 /* Shared */,
				2EF9872D244242C2006EE167 /* PomodoroTimer for Watch */,
				2EF9873C244242CD006EE167 /* PomodoroTimer for Watch Extension */,
				2EC23D022417ADDA00EA7BD6 /* Products */,
			);
			sourceTree = "<group>";
		};
		2EC23D022417ADDA00EA7BD6 /* Products */ = {
			isa = PBXGroup;
			children = (
				2EC23D012417ADDA00EA7BD6 /* PomodoroTimer.app */,
				2EF9872C244242C2006EE167 /* PomodoroTimer for Watch.app */,
				2EF98738244242CD006EE167 /* PomodoroTimer for Watch Extension.appex */,
			);
			name = Products;
			sourceTree = "<group>";
		};
		2EC23D032417ADDA00EA7BD6 /* PomodoroTimer */ = {
			isa = PBXGroup;
			children = (
				2E80F90F241C67B400554B12 /* Info.plist */,
				2EC23D0D2417ADE600EA7BD6 /* Assets.xcassets */,
				2EC23D0F2417ADE600EA7BD6 /* LaunchScreen.storyboard */,
				2E0F26EC241E3D2A0076C5AC /* Others */,
				2E5D8BE7241FA42500860E1B /* View */,
				2E0FB9B0241A8963003AA41D /* View Controller */,
			);
			path = PomodoroTimer;
			sourceTree = "<group>";
		};
		2ED2F7BD2448F840009F0D51 /* Shared */ = {
			isa = PBXGroup;
			children = (
				2EB1D1A22449000D00CFFD2E /* SharedUtilities.swift */,
				2E6BA2AA244221D800DA8781 /* Controller */,
				2E0FB9B1241A8974003AA41D /* Model */,
			);
			path = Shared;
			sourceTree = "<group>";
		};
		2EF9872D244242C2006EE167 /* PomodoroTimer for Watch */ = {
			isa = PBXGroup;
			children = (
				2EF9872E244242C2006EE167 /* Interface.storyboard */,
				2EF98731244242CD006EE167 /* Assets.xcassets */,
				2EF98733244242CD006EE167 /* Info.plist */,
			);
			path = "PomodoroTimer for Watch";
			sourceTree = "<group>";
		};
		2EF9873C244242CD006EE167 /* PomodoroTimer for Watch Extension */ = {
			isa = PBXGroup;
			children = (
				2EF9875D24425050006EE167 /* View Controller */,
				2EF9875E24425080006EE167 /* View */,
				2E1305282445A67D00389400 /* Others */,
				2EF98743244242D1006EE167 /* Assets.xcassets */,
				2EF98745244242D2006EE167 /* Info.plist */,
			);
			path = "PomodoroTimer for Watch Extension";
			sourceTree = "<group>";
		};
		2EF9875D24425050006EE167 /* View Controller */ = {
			isa = PBXGroup;
			children = (
				2E0ECD472445F6C800FD3951 /* SettingsViewController.swift */,
				2E2AA9DF2443893700B4B515 /* TimerSettingsTableViewController.swift */,
				2EF9875F244251A1006EE167 /* TimerViewController.swift */,
				2EF987522442472F006EE167 /* TimerListTableViewController.swift */,
				2EF98741244242CE006EE167 /* ComplicationController.swift */,
				2ED2F7B2244632EF009F0D51 /* TogglProjectListTableViewController.swift */,
			);
			path = "View Controller";
			sourceTree = "<group>";
		};
		2EF9875E24425080006EE167 /* View */ = {
			isa = PBXGroup;
			children = (
				2E0ECD492445F6E500FD3951 /* TextFieldViewCell.swift */,
				2EF987502442454B006EE167 /* TimerInfoViewCell.swift */,
				2EB4C50F2443049800763279 /* TimePieView.swift */,
				2E2AA9DD244388BB00B4B515 /* SliderSettingViewCell.swift */,
				2E899E8E244395790080A522 /* SwitchSettingViewCell.swift */,
				2EBFDC3D2444B131003C580A /* ButtonViewCell.swift */,
				2ED2F7B024461E72009F0D51 /* ButtonWithLabelViewCell.swift */,
				2ED2F7B424463389009F0D51 /* ProjectInfoViewCell.swift */,
			);
			path = View;
			sourceTree = "<group>";
		};
/* End PBXGroup section */

/* Begin PBXNativeTarget section */
		2EC23D002417ADDA00EA7BD6 /* PomodoroTimer */ = {
			isa = PBXNativeTarget;
			buildConfigurationList = 2EC23D152417ADE600EA7BD6 /* Build configuration list for PBXNativeTarget "PomodoroTimer" */;
			buildPhases = (
				2EC23CFD2417ADDA00EA7BD6 /* Sources */,
				2EC23CFE2417ADDA00EA7BD6 /* Frameworks */,
				2EC23CFF2417ADDA00EA7BD6 /* Resources */,
				2EC48E5E2441595F0002FEBE /* Embed Watch Content */,
			);
			buildRules = (
			);
			dependencies = (
				2EF98747244242D2006EE167 /* PBXTargetDependency */,
			);
			name = PomodoroTimer;
			productName = PromodoTimer;
			productReference = 2EC23D012417ADDA00EA7BD6 /* PomodoroTimer.app */;
			productType = "com.apple.product-type.application";
		};
		2EF9872B244242C2006EE167 /* PomodoroTimer for Watch */ = {
			isa = PBXNativeTarget;
			buildConfigurationList = 2EF9874D244242D2006EE167 /* Build configuration list for PBXNativeTarget "PomodoroTimer for Watch" */;
			buildPhases = (
				2EF9872A244242C2006EE167 /* Resources */,
				2EF9874C244242D2006EE167 /* Embed App Extensions */,
			);
			buildRules = (
			);
			dependencies = (
				2EF9873B244242CD006EE167 /* PBXTargetDependency */,
			);
			name = "PomodoroTimer for Watch";
			productName = "PromodoTimer for Watch";
			productReference = 2EF9872C244242C2006EE167 /* PomodoroTimer for Watch.app */;
			productType = "com.apple.product-type.application.watchapp2";
		};
		2EF98737244242CD006EE167 /* PomodoroTimer for Watch Extension */ = {
			isa = PBXNativeTarget;
			buildConfigurationList = 2EF98749244242D2006EE167 /* Build configuration list for PBXNativeTarget "PomodoroTimer for Watch Extension" */;
			buildPhases = (
				2EF98734244242CD006EE167 /* Sources */,
				2EF98735244242CD006EE167 /* Frameworks */,
				2EF98736244242CD006EE167 /* Resources */,
			);
			buildRules = (
			);
			dependencies = (
			);
			name = "PomodoroTimer for Watch Extension";
			productName = "PromodoTimer for Watch Extension";
			productReference = 2EF98738244242CD006EE167 /* PomodoroTimer for Watch Extension.appex */;
			productType = "com.apple.product-type.watchkit2-extension";
		};
/* End PBXNativeTarget section */

/* Begin PBXProject section */
		2EC23CF92417ADDA00EA7BD6 /* Project object */ = {
			isa = PBXProject;
			attributes = {
				LastSwiftUpdateCheck = 1140;
				LastUpgradeCheck = 1130;
				ORGANIZATIONNAME = "Kyu Yeun Kim";
				TargetAttributes = {
					2EC23D002417ADDA00EA7BD6 = {
						CreatedOnToolsVersion = 11.3.1;
					};
					2EF9872B244242C2006EE167 = {
						CreatedOnToolsVersion = 11.4;
					};
					2EF98737244242CD006EE167 = {
						CreatedOnToolsVersion = 11.4;
					};
				};
			};
			buildConfigurationList = 2EC23CFC2417ADDA00EA7BD6 /* Build configuration list for PBXProject "PomodoroTimer" */;
			compatibilityVersion = "Xcode 9.3";
			developmentRegion = en;
			hasScannedForEncodings = 0;
			knownRegions = (
				en,
				Base,
			);
			mainGroup = 2EC23CF82417ADDA00EA7BD6;
			productRefGroup = 2EC23D022417ADDA00EA7BD6 /* Products */;
			projectDirPath = "";
			projectRoot = "";
			targets = (
				2EC23D002417ADDA00EA7BD6 /* PomodoroTimer */,
				2EF9872B244242C2006EE167 /* PomodoroTimer for Watch */,
				2EF98737244242CD006EE167 /* PomodoroTimer for Watch Extension */,
			);
		};
/* End PBXProject section */

/* Begin PBXResourcesBuildPhase section */
		2EC23CFF2417ADDA00EA7BD6 /* Resources */ = {
			isa = PBXResourcesBuildPhase;
			buildActionMask = 2147483647;
			files = (
				2EC23D112417ADE600EA7BD6 /* LaunchScreen.storyboard in Resources */,
				2EC23D0E2417ADE600EA7BD6 /* Assets.xcassets in Resources */,
				2E0FB9A32417E0D7003AA41D /* README.md in Resources */,
			);
			runOnlyForDeploymentPostprocessing = 0;
		};
		2EF9872A244242C2006EE167 /* Resources */ = {
			isa = PBXResourcesBuildPhase;
			buildActionMask = 2147483647;
			files = (
				2EF98732244242CD006EE167 /* Assets.xcassets in Resources */,
				2EF98730244242C2006EE167 /* Interface.storyboard in Resources */,
			);
			runOnlyForDeploymentPostprocessing = 0;
		};
		2EF98736244242CD006EE167 /* Resources */ = {
			isa = PBXResourcesBuildPhase;
			buildActionMask = 2147483647;
			files = (
				2EF98744244242D1006EE167 /* Assets.xcassets in Resources */,
			);
			runOnlyForDeploymentPostprocessing = 0;
		};
/* End PBXResourcesBuildPhase section */

/* Begin PBXSourcesBuildPhase section */
		2EC23CFD2417ADDA00EA7BD6 /* Sources */ = {
			isa = PBXSourcesBuildPhase;
			buildActionMask = 2147483647;
			files = (
				2E5D8BF524222F8E00860E1B /* PickerTableViewCell.swift in Sources */,
				2E6BA2962442211A00DA8781 /* TimeController.swift in Sources */,
				2E444B32243C953700A9E0AB /* SubtitleTableViewCell.swift in Sources */,
				2E8B9F9D244004BA00B13AA9 /* RightDetailTableViewCell.swift in Sources */,
				2E0F26E9241DF4320076C5AC /* TogglTimerDetailTableViewController.swift in Sources */,
				2EC23D092417ADDA00EA7BD6 /* TimerViewController.swift in Sources */,
				2E8B9F9F2440AA1100B13AA9 /* AlarmSoundsTableViewController.swift in Sources */,
				2E5D8BED2420E71B00860E1B /* TimerListTableViewController.swift in Sources */,
				2EC23D052417ADDA00EA7BD6 /* AppDelegate.swift in Sources */,
				2EB1D1A32449000E00CFFD2E /* SharedUtilities.swift in Sources */,
				2ED2F7BF2448F8F0009F0D51 /* iOSUtilities.swift in Sources */,
				2E0FB9A9241904EB003AA41D /* SettingsTableViewController.swift in Sources */,
				2E5D8BE9241FA67600860E1B /* SwitchTableViewCell.swift in Sources */,
				2E5D8BF12420EFB300860E1B /* TimerSettingsTableViewController.swift in Sources */,
				2E0F26EB241E34250076C5AC /* InputTableViewCell.swift in Sources */,
				2E6BA29B2442211A00DA8781 /* AlarmSoundsModel.swift in Sources */,
				2E6BA2972442211A00DA8781 /* TimerModel.swift in Sources */,
				2E6BA29A2442211A00DA8781 /* GlobalVarModel.swift in Sources */,
				2ED2F7BA244892D2009F0D51 /* SessionDelegater.swift in Sources */,
				2E6BA2982442211A00DA8781 /* SettingsModel.swift in Sources */,
				2E16120E241D5AA5007C55D8 /* LogInViewController.swift in Sources */,
				2E6BA2992442211A00DA8781 /* TogglController.swift in Sources */,
				2E8B9F9B243F655700B13AA9 /* PickerWindowView.swift in Sources */,
				2E2C65A2244904D2003E7284 /* TimePieView.swift in Sources */,
				2EC23D072417ADDA00EA7BD6 /* SceneDelegate.swift in Sources */,
			);
			runOnlyForDeploymentPostprocessing = 0;
		};
		2EF98734244242CD006EE167 /* Sources */ = {
			isa = PBXSourcesBuildPhase;
			buildActionMask = 2147483647;
			files = (
				2EF98740244242CE006EE167 /* ExtensionDelegate.swift in Sources */,
				2EF9875924424EB3006EE167 /* TogglController.swift in Sources */,
				2E899E8F244395790080A522 /* SwitchSettingViewCell.swift in Sources */,
				2EB1D1A42449000E00CFFD2E /* SharedUtilities.swift in Sources */,
				2E0ECD4A2445F6E600FD3951 /* TextFieldViewCell.swift in Sources */,
				2EF9875424424EA7006EE167 /* AlarmSoundsModel.swift in Sources */,
				2ED2F7B524463389009F0D51 /* ProjectInfoViewCell.swift in Sources */,
				2E0ECD482445F6C900FD3951 /* SettingsViewController.swift in Sources */,
				2EF9875A24424EB6006EE167 /* TimeController.swift in Sources */,
				2EF987532442472F006EE167 /* TimerListTableViewController.swift in Sources */,
				2ED2F7B124461E72009F0D51 /* ButtonWithLabelViewCell.swift in Sources */,
				2EF98742244242CE006EE167 /* ComplicationController.swift in Sources */,
				2E2AA9E02443893700B4B515 /* TimerSettingsTableViewController.swift in Sources */,
				2EB4C5102443049800763279 /* TimePieView.swift in Sources */,
				2EF9875524424EA9006EE167 /* GlobalVarModel.swift in Sources */,
				2EF9875724424EAE006EE167 /* TimerModel.swift in Sources */,
				2EF9875624424EAB006EE167 /* SettingsModel.swift in Sources */,
				2EF98760244251A2006EE167 /* TimerViewController.swift in Sources */,
				2ED2F7BB244892D2009F0D51 /* SessionDelegater.swift in Sources */,
				2EF987512442454B006EE167 /* TimerInfoViewCell.swift in Sources */,
				2EBFDC3E2444B131003C580A /* ButtonViewCell.swift in Sources */,
				2E2AA9DE244388BB00B4B515 /* SliderSettingViewCell.swift in Sources */,
				2E13052A2445A69A00389400 /* watchOSUtilities.swift in Sources */,
				2ED2F7B3244632EF009F0D51 /* TogglProjectListTableViewController.swift in Sources */,
			);
			runOnlyForDeploymentPostprocessing = 0;
		};
/* End PBXSourcesBuildPhase section */

/* Begin PBXTargetDependency section */
		2EF9873B244242CD006EE167 /* PBXTargetDependency */ = {
			isa = PBXTargetDependency;
			target = 2EF98737244242CD006EE167 /* PomodoroTimer for Watch Extension */;
			targetProxy = 2EF9873A244242CD006EE167 /* PBXContainerItemProxy */;
		};
		2EF98747244242D2006EE167 /* PBXTargetDependency */ = {
			isa = PBXTargetDependency;
			target = 2EF9872B244242C2006EE167 /* PomodoroTimer for Watch */;
			targetProxy = 2EF98746244242D2006EE167 /* PBXContainerItemProxy */;
		};
/* End PBXTargetDependency section */

/* Begin PBXVariantGroup section */
		2EC23D0F2417ADE600EA7BD6 /* LaunchScreen.storyboard */ = {
			isa = PBXVariantGroup;
			children = (
				2EC23D102417ADE600EA7BD6 /* Base */,
			);
			name = LaunchScreen.storyboard;
			sourceTree = "<group>";
		};
		2EF9872E244242C2006EE167 /* Interface.storyboard */ = {
			isa = PBXVariantGroup;
			children = (
				2EF9872F244242C2006EE167 /* Base */,
			);
			name = Interface.storyboard;
			sourceTree = "<group>";
		};
/* End PBXVariantGroup section */

/* Begin XCBuildConfiguration section */
		2EC23D132417ADE600EA7BD6 /* Debug */ = {
			isa = XCBuildConfiguration;
			buildSettings = {
				ALWAYS_SEARCH_USER_PATHS = NO;
				CLANG_ANALYZER_NONNULL = YES;
				CLANG_ANALYZER_NUMBER_OBJECT_CONVERSION = YES_AGGRESSIVE;
				CLANG_CXX_LANGUAGE_STANDARD = "gnu++14";
				CLANG_CXX_LIBRARY = "libc++";
				CLANG_ENABLE_MODULES = YES;
				CLANG_ENABLE_OBJC_ARC = YES;
				CLANG_ENABLE_OBJC_WEAK = YES;
				CLANG_WARN_BLOCK_CAPTURE_AUTORELEASING = YES;
				CLANG_WARN_BOOL_CONVERSION = YES;
				CLANG_WARN_COMMA = YES;
				CLANG_WARN_CONSTANT_CONVERSION = YES;
				CLANG_WARN_DEPRECATED_OBJC_IMPLEMENTATIONS = YES;
				CLANG_WARN_DIRECT_OBJC_ISA_USAGE = YES_ERROR;
				CLANG_WARN_DOCUMENTATION_COMMENTS = YES;
				CLANG_WARN_EMPTY_BODY = YES;
				CLANG_WARN_ENUM_CONVERSION = YES;
				CLANG_WARN_INFINITE_RECURSION = YES;
				CLANG_WARN_INT_CONVERSION = YES;
				CLANG_WARN_NON_LITERAL_NULL_CONVERSION = YES;
				CLANG_WARN_OBJC_IMPLICIT_RETAIN_SELF = YES;
				CLANG_WARN_OBJC_LITERAL_CONVERSION = YES;
				CLANG_WARN_OBJC_ROOT_CLASS = YES_ERROR;
				CLANG_WARN_RANGE_LOOP_ANALYSIS = YES;
				CLANG_WARN_STRICT_PROTOTYPES = YES;
				CLANG_WARN_SUSPICIOUS_MOVE = YES;
				CLANG_WARN_UNGUARDED_AVAILABILITY = YES_AGGRESSIVE;
				CLANG_WARN_UNREACHABLE_CODE = YES;
				CLANG_WARN__DUPLICATE_METHOD_MATCH = YES;
				COPY_PHASE_STRIP = NO;
				DEBUG_INFORMATION_FORMAT = dwarf;
				ENABLE_STRICT_OBJC_MSGSEND = YES;
				ENABLE_TESTABILITY = YES;
				GCC_C_LANGUAGE_STANDARD = gnu11;
				GCC_DYNAMIC_NO_PIC = NO;
				GCC_NO_COMMON_BLOCKS = YES;
				GCC_OPTIMIZATION_LEVEL = 0;
				GCC_PREPROCESSOR_DEFINITIONS = (
					"DEBUG=1",
					"$(inherited)",
				);
				GCC_WARN_64_TO_32_BIT_CONVERSION = YES;
				GCC_WARN_ABOUT_RETURN_TYPE = YES_ERROR;
				GCC_WARN_UNDECLARED_SELECTOR = YES;
				GCC_WARN_UNINITIALIZED_AUTOS = YES_AGGRESSIVE;
				GCC_WARN_UNUSED_FUNCTION = YES;
				GCC_WARN_UNUSED_VARIABLE = YES;
				IPHONEOS_DEPLOYMENT_TARGET = 13.2;
				MTL_ENABLE_DEBUG_INFO = INCLUDE_SOURCE;
				MTL_FAST_MATH = YES;
				ONLY_ACTIVE_ARCH = YES;
				SDKROOT = iphoneos;
				SWIFT_ACTIVE_COMPILATION_CONDITIONS = DEBUG;
				SWIFT_OPTIMIZATION_LEVEL = "-Onone";
			};
			name = Debug;
		};
		2EC23D142417ADE600EA7BD6 /* Release */ = {
			isa = XCBuildConfiguration;
			buildSettings = {
				ALWAYS_SEARCH_USER_PATHS = NO;
				CLANG_ANALYZER_NONNULL = YES;
				CLANG_ANALYZER_NUMBER_OBJECT_CONVERSION = YES_AGGRESSIVE;
				CLANG_CXX_LANGUAGE_STANDARD = "gnu++14";
				CLANG_CXX_LIBRARY = "libc++";
				CLANG_ENABLE_MODULES = YES;
				CLANG_ENABLE_OBJC_ARC = YES;
				CLANG_ENABLE_OBJC_WEAK = YES;
				CLANG_WARN_BLOCK_CAPTURE_AUTORELEASING = YES;
				CLANG_WARN_BOOL_CONVERSION = YES;
				CLANG_WARN_COMMA = YES;
				CLANG_WARN_CONSTANT_CONVERSION = YES;
				CLANG_WARN_DEPRECATED_OBJC_IMPLEMENTATIONS = YES;
				CLANG_WARN_DIRECT_OBJC_ISA_USAGE = YES_ERROR;
				CLANG_WARN_DOCUMENTATION_COMMENTS = YES;
				CLANG_WARN_EMPTY_BODY = YES;
				CLANG_WARN_ENUM_CONVERSION = YES;
				CLANG_WARN_INFINITE_RECURSION = YES;
				CLANG_WARN_INT_CONVERSION = YES;
				CLANG_WARN_NON_LITERAL_NULL_CONVERSION = YES;
				CLANG_WARN_OBJC_IMPLICIT_RETAIN_SELF = YES;
				CLANG_WARN_OBJC_LITERAL_CONVERSION = YES;
				CLANG_WARN_OBJC_ROOT_CLASS = YES_ERROR;
				CLANG_WARN_RANGE_LOOP_ANALYSIS = YES;
				CLANG_WARN_STRICT_PROTOTYPES = YES;
				CLANG_WARN_SUSPICIOUS_MOVE = YES;
				CLANG_WARN_UNGUARDED_AVAILABILITY = YES_AGGRESSIVE;
				CLANG_WARN_UNREACHABLE_CODE = YES;
				CLANG_WARN__DUPLICATE_METHOD_MATCH = YES;
				COPY_PHASE_STRIP = NO;
				DEBUG_INFORMATION_FORMAT = "dwarf-with-dsym";
				ENABLE_NS_ASSERTIONS = NO;
				ENABLE_STRICT_OBJC_MSGSEND = YES;
				GCC_C_LANGUAGE_STANDARD = gnu11;
				GCC_NO_COMMON_BLOCKS = YES;
				GCC_WARN_64_TO_32_BIT_CONVERSION = YES;
				GCC_WARN_ABOUT_RETURN_TYPE = YES_ERROR;
				GCC_WARN_UNDECLARED_SELECTOR = YES;
				GCC_WARN_UNINITIALIZED_AUTOS = YES_AGGRESSIVE;
				GCC_WARN_UNUSED_FUNCTION = YES;
				GCC_WARN_UNUSED_VARIABLE = YES;
				IPHONEOS_DEPLOYMENT_TARGET = 13.2;
				MTL_ENABLE_DEBUG_INFO = NO;
				MTL_FAST_MATH = YES;
				SDKROOT = iphoneos;
				SWIFT_COMPILATION_MODE = wholemodule;
				SWIFT_OPTIMIZATION_LEVEL = "-O";
				VALIDATE_PRODUCT = YES;
			};
			name = Release;
		};
		2EC23D162417ADE600EA7BD6 /* Debug */ = {
			isa = XCBuildConfiguration;
			buildSettings = {
				ASSETCATALOG_COMPILER_APPICON_NAME = AppIcon;
				CODE_SIGN_STYLE = Automatic;
				DEVELOPMENT_TEAM = 72DH54VTLH;
				INFOPLIST_FILE = PomodoroTimer/Info.plist;
				LD_RUNPATH_SEARCH_PATHS = (
					"$(inherited)",
					"@executable_path/Frameworks",
				);
				PRODUCT_BUNDLE_IDENTIFIER = kky.PomodoroTimer;
				PRODUCT_NAME = "$(TARGET_NAME)";
				SWIFT_VERSION = 5.0;
				TARGETED_DEVICE_FAMILY = "1,2";
			};
			name = Debug;
		};
		2EC23D172417ADE600EA7BD6 /* Release */ = {
			isa = XCBuildConfiguration;
			buildSettings = {
				ASSETCATALOG_COMPILER_APPICON_NAME = AppIcon;
				CODE_SIGN_STYLE = Automatic;
				DEVELOPMENT_TEAM = 72DH54VTLH;
				INFOPLIST_FILE = PomodoroTimer/Info.plist;
				LD_RUNPATH_SEARCH_PATHS = (
					"$(inherited)",
					"@executable_path/Frameworks",
				);
				PRODUCT_BUNDLE_IDENTIFIER = kky.PomodoroTimer;
				PRODUCT_NAME = "$(TARGET_NAME)";
				SWIFT_VERSION = 5.0;
				TARGETED_DEVICE_FAMILY = "1,2";
			};
			name = Release;
		};
		2EF9874A244242D2006EE167 /* Debug */ = {
			isa = XCBuildConfiguration;
			buildSettings = {
				ASSETCATALOG_COMPILER_COMPLICATION_NAME = Complication;
				CODE_SIGN_STYLE = Automatic;
				DEVELOPMENT_TEAM = 72DH54VTLH;
				INFOPLIST_FILE = "PomodoroTimer for Watch Extension/Info.plist";
				LD_RUNPATH_SEARCH_PATHS = (
					"$(inherited)",
					"@executable_path/Frameworks",
					"@executable_path/../../Frameworks",
				);
				PRODUCT_BUNDLE_IDENTIFIER = kky.PomodoroTimer.watchkitapp.watchkitextension;
				PRODUCT_NAME = "${TARGET_NAME}";
				SDKROOT = watchos;
				SKIP_INSTALL = YES;
				SWIFT_VERSION = 5.0;
				TARGETED_DEVICE_FAMILY = 4;
				WATCHOS_DEPLOYMENT_TARGET = 6.2;
			};
			name = Debug;
		};
		2EF9874B244242D2006EE167 /* Release */ = {
			isa = XCBuildConfiguration;
			buildSettings = {
				ASSETCATALOG_COMPILER_COMPLICATION_NAME = Complication;
				CODE_SIGN_STYLE = Automatic;
				DEVELOPMENT_TEAM = 72DH54VTLH;
				INFOPLIST_FILE = "PomodoroTimer for Watch Extension/Info.plist";
				LD_RUNPATH_SEARCH_PATHS = (
					"$(inherited)",
					"@executable_path/Frameworks",
					"@executable_path/../../Frameworks",
				);
				PRODUCT_BUNDLE_IDENTIFIER = kky.PomodoroTimer.watchkitapp.watchkitextension;
				PRODUCT_NAME = "${TARGET_NAME}";
				SDKROOT = watchos;
				SKIP_INSTALL = YES;
				SWIFT_VERSION = 5.0;
				TARGETED_DEVICE_FAMILY = 4;
				WATCHOS_DEPLOYMENT_TARGET = 6.2;
			};
			name = Release;
		};
		2EF9874E244242D2006EE167 /* Debug */ = {
			isa = XCBuildConfiguration;
			buildSettings = {
				ALWAYS_EMBED_SWIFT_STANDARD_LIBRARIES = YES;
				ASSETCATALOG_COMPILER_APPICON_NAME = AppIcon;
				CODE_SIGN_STYLE = Automatic;
				DEVELOPMENT_TEAM = 72DH54VTLH;
				IBSC_MODULE = PromodoTimer_for_Watch_Extension;
				INFOPLIST_FILE = "PomodoroTimer for Watch/Info.plist";
				PRODUCT_BUNDLE_IDENTIFIER = kky.PomodoroTimer.watchkitapp;
				PRODUCT_NAME = "$(TARGET_NAME)";
				SDKROOT = watchos;
				SKIP_INSTALL = YES;
				SWIFT_VERSION = 5.0;
				TARGETED_DEVICE_FAMILY = 4;
				WATCHOS_DEPLOYMENT_TARGET = 6.2;
			};
			name = Debug;
		};
		2EF9874F244242D2006EE167 /* Release */ = {
			isa = XCBuildConfiguration;
			buildSettings = {
				ALWAYS_EMBED_SWIFT_STANDARD_LIBRARIES = YES;
				ASSETCATALOG_COMPILER_APPICON_NAME = AppIcon;
				CODE_SIGN_STYLE = Automatic;
				DEVELOPMENT_TEAM = 72DH54VTLH;
				IBSC_MODULE = PromodoTimer_for_Watch_Extension;
				INFOPLIST_FILE = "PomodoroTimer for Watch/Info.plist";
				PRODUCT_BUNDLE_IDENTIFIER = kky.PomodoroTimer.watchkitapp;
				PRODUCT_NAME = "$(TARGET_NAME)";
				SDKROOT = watchos;
				SKIP_INSTALL = YES;
				SWIFT_VERSION = 5.0;
				TARGETED_DEVICE_FAMILY = 4;
				WATCHOS_DEPLOYMENT_TARGET = 6.2;
			};
			name = Release;
		};
/* End XCBuildConfiguration section */

/* Begin XCConfigurationList section */
		2EC23CFC2417ADDA00EA7BD6 /* Build configuration list for PBXProject "PomodoroTimer" */ = {
			isa = XCConfigurationList;
			buildConfigurations = (
				2EC23D132417ADE600EA7BD6 /* Debug */,
				2EC23D142417ADE600EA7BD6 /* Release */,
			);
			defaultConfigurationIsVisible = 0;
			defaultConfigurationName = Release;
		};
		2EC23D152417ADE600EA7BD6 /* Build configuration list for PBXNativeTarget "PomodoroTimer" */ = {
			isa = XCConfigurationList;
			buildConfigurations = (
				2EC23D162417ADE600EA7BD6 /* Debug */,
				2EC23D172417ADE600EA7BD6 /* Release */,
			);
			defaultConfigurationIsVisible = 0;
			defaultConfigurationName = Release;
		};
		2EF98749244242D2006EE167 /* Build configuration list for PBXNativeTarget "PomodoroTimer for Watch Extension" */ = {
			isa = XCConfigurationList;
			buildConfigurations = (
				2EF9874A244242D2006EE167 /* Debug */,
				2EF9874B244242D2006EE167 /* Release */,
			);
			defaultConfigurationIsVisible = 0;
			defaultConfigurationName = Release;
		};
		2EF9874D244242D2006EE167 /* Build configuration list for PBXNativeTarget "PomodoroTimer for Watch" */ = {
			isa = XCConfigurationList;
			buildConfigurations = (
				2EF9874E244242D2006EE167 /* Debug */,
				2EF9874F244242D2006EE167 /* Release */,
			);
			defaultConfigurationIsVisible = 0;
			defaultConfigurationName = Release;
		};
/* End XCConfigurationList section */
	};
	rootObject = 2EC23CF92417ADDA00EA7BD6 /* Project object */;
}
